// !$*UTF8*$!
{
	archiveVersion = 1;
	classes = {
	};
	objectVersion = 46;
	objects = {

/* Begin PBXBuildFile section */
		3104AC421A7F787600D9B3C2 /* LikeView.xib in Resources */ = {isa = PBXBuildFile; fileRef = 3104AC411A7F787600D9B3C2 /* LikeView.xib */; };
		3104AC441A7F79C900D9B3C2 /* LikeView.swift in Sources */ = {isa = PBXBuildFile; fileRef = 3104AC431A7F79C900D9B3C2 /* LikeView.swift */; };
		3104AC461A7F971500D9B3C2 /* OpenSans-Light.ttf in Resources */ = {isa = PBXBuildFile; fileRef = 3104AC451A7F971500D9B3C2 /* OpenSans-Light.ttf */; };
		3104AC481A7FB17D00D9B3C2 /* Avatar.swift in Sources */ = {isa = PBXBuildFile; fileRef = 3104AC471A7FB17D00D9B3C2 /* Avatar.swift */; };
		3134A0CF1A767A6B002F548D /* NewsViewController.swift in Sources */ = {isa = PBXBuildFile; fileRef = 3134A0CE1A767A6B002F548D /* NewsViewController.swift */; };
		3134A0D11A767AA4002F548D /* CardView.swift in Sources */ = {isa = PBXBuildFile; fileRef = 3134A0D01A767AA4002F548D /* CardView.swift */; };
		3141F3871A7BBDF500CBB90B /* ProfileView.xib in Resources */ = {isa = PBXBuildFile; fileRef = 3141F3861A7BBDF500CBB90B /* ProfileView.xib */; };
		3141F3891A7BC07700CBB90B /* ProfileView.swift in Sources */ = {isa = PBXBuildFile; fileRef = 3141F3881A7BC07700CBB90B /* ProfileView.swift */; };
		31AEB1EC1A7B966800162DB0 /* EventView.swift in Sources */ = {isa = PBXBuildFile; fileRef = 31AEB1EB1A7B966800162DB0 /* EventView.swift */; };
		31AEB1F01A7B984800162DB0 /* PersonView.xib in Resources */ = {isa = PBXBuildFile; fileRef = 31AEB1EF1A7B984800162DB0 /* PersonView.xib */; };
		31AEB1F21A7B99AE00162DB0 /* PersonView.swift in Sources */ = {isa = PBXBuildFile; fileRef = 31AEB1F11A7B99AE00162DB0 /* PersonView.swift */; };
		31F227BC1A8A12880076A509 /* NewsFeed.swift in Sources */ = {isa = PBXBuildFile; fileRef = 31F227BB1A8A12880076A509 /* NewsFeed.swift */; };
		31F227BE1A8A130E0076A509 /* Card.swift in Sources */ = {isa = PBXBuildFile; fileRef = 31F227BD1A8A130E0076A509 /* Card.swift */; };
		31F227C01A8A133E0076A509 /* Person.swift in Sources */ = {isa = PBXBuildFile; fileRef = 31F227BF1A8A133E0076A509 /* Person.swift */; };
		31F227C21A8A24940076A509 /* Trigger.swift in Sources */ = {isa = PBXBuildFile; fileRef = 31F227C11A8A24940076A509 /* Trigger.swift */; };
		31F46A9C1A91F06A009C545A /* LoginView.xib in Resources */ = {isa = PBXBuildFile; fileRef = 31F46A9B1A91F06A009C545A /* LoginView.xib */; };
		31F46A9E1A91F250009C545A /* SplashView.xib in Resources */ = {isa = PBXBuildFile; fileRef = 31F46A9D1A91F250009C545A /* SplashView.xib */; };
		31F46AA01A91F63E009C545A /* LoginView.swift in Sources */ = {isa = PBXBuildFile; fileRef = 31F46A9F1A91F63E009C545A /* LoginView.swift */; };
		31F46AA21A91F89F009C545A /* SplashView.swift in Sources */ = {isa = PBXBuildFile; fileRef = 31F46AA11A91F89F009C545A /* SplashView.swift */; };
		31F46AA41A920DC7009C545A /* SettingsViewController.swift in Sources */ = {isa = PBXBuildFile; fileRef = 31F46AA31A920DC7009C545A /* SettingsViewController.swift */; };
		31F93B811A78FF30001E0B7C /* ShieldView.xib in Resources */ = {isa = PBXBuildFile; fileRef = 31F93B801A78FF30001E0B7C /* ShieldView.xib */; };
		31F93B831A790074001E0B7C /* ShieldView.swift in Sources */ = {isa = PBXBuildFile; fileRef = 31F93B821A790074001E0B7C /* ShieldView.swift */; };
		31F93B891A791659001E0B7C /* UserView.swift in Sources */ = {isa = PBXBuildFile; fileRef = 31F93B881A791659001E0B7C /* UserView.swift */; };
		31F93B8B1A79167E001E0B7C /* UserView.xib in Resources */ = {isa = PBXBuildFile; fileRef = 31F93B8A1A79167E001E0B7C /* UserView.xib */; };
		31F93B8D1A791DD4001E0B7C /* EventView.xib in Resources */ = {isa = PBXBuildFile; fileRef = 31F93B8C1A791DD4001E0B7C /* EventView.xib */; };
		31F93B8F1A7A5292001E0B7C /* CardHeaderView.xib in Resources */ = {isa = PBXBuildFile; fileRef = 31F93B8E1A7A5292001E0B7C /* CardHeaderView.xib */; };
		31F93B911A7A52A5001E0B7C /* CardHeaderView.swift in Sources */ = {isa = PBXBuildFile; fileRef = 31F93B901A7A52A5001E0B7C /* CardHeaderView.swift */; };
		31FF61351A71361E00B238F5 /* AppDelegate.swift in Sources */ = {isa = PBXBuildFile; fileRef = 31FF61341A71361E00B238F5 /* AppDelegate.swift */; };
		31FF61371A71361E00B238F5 /* LoginViewController.swift in Sources */ = {isa = PBXBuildFile; fileRef = 31FF61361A71361E00B238F5 /* LoginViewController.swift */; };
		31FF613A1A71361E00B238F5 /* Main.storyboard in Resources */ = {isa = PBXBuildFile; fileRef = 31FF61381A71361E00B238F5 /* Main.storyboard */; };
		31FF613C1A71361E00B238F5 /* Images.xcassets in Resources */ = {isa = PBXBuildFile; fileRef = 31FF613B1A71361E00B238F5 /* Images.xcassets */; };
		31FF613F1A71361E00B238F5 /* LaunchScreen.xib in Resources */ = {isa = PBXBuildFile; fileRef = 31FF613D1A71361E00B238F5 /* LaunchScreen.xib */; };
		31FF614B1A71361E00B238F5 /* AmsterdamMuseumTests.swift in Sources */ = {isa = PBXBuildFile; fileRef = 31FF614A1A71361E00B238F5 /* AmsterdamMuseumTests.swift */; };
/* End PBXBuildFile section */

/* Begin PBXContainerItemProxy section */
		31FF61451A71361E00B238F5 /* PBXContainerItemProxy */ = {
			isa = PBXContainerItemProxy;
			containerPortal = 31FF61271A71361E00B238F5 /* Project object */;
			proxyType = 1;
			remoteGlobalIDString = 31FF612E1A71361E00B238F5;
			remoteInfo = AmsterdamMuseum;
		};
/* End PBXContainerItemProxy section */

/* Begin PBXFileReference section */
		3104AC411A7F787600D9B3C2 /* LikeView.xib */ = {isa = PBXFileReference; fileEncoding = 4; lastKnownFileType = file.xib; path = LikeView.xib; sourceTree = "<group>"; };
		3104AC431A7F79C900D9B3C2 /* LikeView.swift */ = {isa = PBXFileReference; fileEncoding = 4; lastKnownFileType = sourcecode.swift; path = LikeView.swift; sourceTree = "<group>"; };
		3104AC451A7F971500D9B3C2 /* OpenSans-Light.ttf */ = {isa = PBXFileReference; lastKnownFileType = file; path = "OpenSans-Light.ttf"; sourceTree = "<group>"; };
		3104AC471A7FB17D00D9B3C2 /* Avatar.swift */ = {isa = PBXFileReference; fileEncoding = 4; lastKnownFileType = sourcecode.swift; path = Avatar.swift; sourceTree = "<group>"; };
		3134A0CE1A767A6B002F548D /* NewsViewController.swift */ = {isa = PBXFileReference; fileEncoding = 4; lastKnownFileType = sourcecode.swift; path = NewsViewController.swift; sourceTree = "<group>"; };
		3134A0D01A767AA4002F548D /* CardView.swift */ = {isa = PBXFileReference; fileEncoding = 4; lastKnownFileType = sourcecode.swift; path = CardView.swift; sourceTree = "<group>"; };
		3141F3861A7BBDF500CBB90B /* ProfileView.xib */ = {isa = PBXFileReference; fileEncoding = 4; lastKnownFileType = file.xib; path = ProfileView.xib; sourceTree = "<group>"; };
		3141F3881A7BC07700CBB90B /* ProfileView.swift */ = {isa = PBXFileReference; fileEncoding = 4; lastKnownFileType = sourcecode.swift; path = ProfileView.swift; sourceTree = "<group>"; };
		31AEB1EB1A7B966800162DB0 /* EventView.swift */ = {isa = PBXFileReference; fileEncoding = 4; lastKnownFileType = sourcecode.swift; path = EventView.swift; sourceTree = "<group>"; };
		31AEB1EF1A7B984800162DB0 /* PersonView.xib */ = {isa = PBXFileReference; fileEncoding = 4; lastKnownFileType = file.xib; path = PersonView.xib; sourceTree = "<group>"; };
		31AEB1F11A7B99AE00162DB0 /* PersonView.swift */ = {isa = PBXFileReference; fileEncoding = 4; lastKnownFileType = sourcecode.swift; path = PersonView.swift; sourceTree = "<group>"; };
		31F227BB1A8A12880076A509 /* NewsFeed.swift */ = {isa = PBXFileReference; fileEncoding = 4; lastKnownFileType = sourcecode.swift; path = NewsFeed.swift; sourceTree = "<group>"; };
		31F227BD1A8A130E0076A509 /* Card.swift */ = {isa = PBXFileReference; fileEncoding = 4; lastKnownFileType = sourcecode.swift; path = Card.swift; sourceTree = "<group>"; };
		31F227BF1A8A133E0076A509 /* Person.swift */ = {isa = PBXFileReference; fileEncoding = 4; lastKnownFileType = sourcecode.swift; path = Person.swift; sourceTree = "<group>"; };
		31F227C11A8A24940076A509 /* Trigger.swift */ = {isa = PBXFileReference; fileEncoding = 4; lastKnownFileType = sourcecode.swift; path = Trigger.swift; sourceTree = "<group>"; };
		31F46A9B1A91F06A009C545A /* LoginView.xib */ = {isa = PBXFileReference; fileEncoding = 4; lastKnownFileType = file.xib; path = LoginView.xib; sourceTree = "<group>"; };
		31F46A9D1A91F250009C545A /* SplashView.xib */ = {isa = PBXFileReference; fileEncoding = 4; lastKnownFileType = file.xib; path = SplashView.xib; sourceTree = "<group>"; };
		31F46A9F1A91F63E009C545A /* LoginView.swift */ = {isa = PBXFileReference; fileEncoding = 4; lastKnownFileType = sourcecode.swift; path = LoginView.swift; sourceTree = "<group>"; };
		31F46AA11A91F89F009C545A /* SplashView.swift */ = {isa = PBXFileReference; fileEncoding = 4; lastKnownFileType = sourcecode.swift; path = SplashView.swift; sourceTree = "<group>"; };
		31F46AA31A920DC7009C545A /* SettingsViewController.swift */ = {isa = PBXFileReference; fileEncoding = 4; lastKnownFileType = sourcecode.swift; path = SettingsViewController.swift; sourceTree = "<group>"; };
		31F93B801A78FF30001E0B7C /* ShieldView.xib */ = {isa = PBXFileReference; fileEncoding = 4; lastKnownFileType = file.xib; path = ShieldView.xib; sourceTree = "<group>"; };
		31F93B821A790074001E0B7C /* ShieldView.swift */ = {isa = PBXFileReference; fileEncoding = 4; lastKnownFileType = sourcecode.swift; path = ShieldView.swift; sourceTree = "<group>"; };
		31F93B881A791659001E0B7C /* UserView.swift */ = {isa = PBXFileReference; fileEncoding = 4; lastKnownFileType = sourcecode.swift; path = UserView.swift; sourceTree = "<group>"; };
		31F93B8A1A79167E001E0B7C /* UserView.xib */ = {isa = PBXFileReference; fileEncoding = 4; lastKnownFileType = file.xib; path = UserView.xib; sourceTree = "<group>"; };
		31F93B8C1A791DD4001E0B7C /* EventView.xib */ = {isa = PBXFileReference; fileEncoding = 4; lastKnownFileType = file.xib; path = EventView.xib; sourceTree = "<group>"; };
		31F93B8E1A7A5292001E0B7C /* CardHeaderView.xib */ = {isa = PBXFileReference; fileEncoding = 4; lastKnownFileType = file.xib; path = CardHeaderView.xib; sourceTree = "<group>"; };
		31F93B901A7A52A5001E0B7C /* CardHeaderView.swift */ = {isa = PBXFileReference; fileEncoding = 4; lastKnownFileType = sourcecode.swift; path = CardHeaderView.swift; sourceTree = "<group>"; };
		31FF612F1A71361E00B238F5 /* AmsterdamMuseum.app */ = {isa = PBXFileReference; explicitFileType = wrapper.application; includeInIndex = 0; path = AmsterdamMuseum.app; sourceTree = BUILT_PRODUCTS_DIR; };
		31FF61331A71361E00B238F5 /* Info.plist */ = {isa = PBXFileReference; lastKnownFileType = text.plist.xml; path = Info.plist; sourceTree = "<group>"; };
		31FF61341A71361E00B238F5 /* AppDelegate.swift */ = {isa = PBXFileReference; lastKnownFileType = sourcecode.swift; path = AppDelegate.swift; sourceTree = "<group>"; };
		31FF61361A71361E00B238F5 /* LoginViewController.swift */ = {isa = PBXFileReference; lastKnownFileType = sourcecode.swift; path = LoginViewController.swift; sourceTree = "<group>"; };
		31FF61391A71361E00B238F5 /* Base */ = {isa = PBXFileReference; lastKnownFileType = file.storyboard; name = Base; path = Base.lproj/Main.storyboard; sourceTree = "<group>"; };
		31FF613B1A71361E00B238F5 /* Images.xcassets */ = {isa = PBXFileReference; lastKnownFileType = folder.assetcatalog; path = Images.xcassets; sourceTree = "<group>"; };
		31FF613E1A71361E00B238F5 /* Base */ = {isa = PBXFileReference; lastKnownFileType = file.xib; name = Base; path = Base.lproj/LaunchScreen.xib; sourceTree = "<group>"; };
		31FF61441A71361E00B238F5 /* AmsterdamMuseumTests.xctest */ = {isa = PBXFileReference; explicitFileType = wrapper.cfbundle; includeInIndex = 0; path = AmsterdamMuseumTests.xctest; sourceTree = BUILT_PRODUCTS_DIR; };
		31FF61491A71361E00B238F5 /* Info.plist */ = {isa = PBXFileReference; lastKnownFileType = text.plist.xml; path = Info.plist; sourceTree = "<group>"; };
		31FF614A1A71361E00B238F5 /* AmsterdamMuseumTests.swift */ = {isa = PBXFileReference; lastKnownFileType = sourcecode.swift; path = AmsterdamMuseumTests.swift; sourceTree = "<group>"; };
/* End PBXFileReference section */

/* Begin PBXFrameworksBuildPhase section */
		31FF612C1A71361E00B238F5 /* Frameworks */ = {
			isa = PBXFrameworksBuildPhase;
			buildActionMask = 2147483647;
			files = (
			);
			runOnlyForDeploymentPostprocessing = 0;
		};
		31FF61411A71361E00B238F5 /* Frameworks */ = {
			isa = PBXFrameworksBuildPhase;
			buildActionMask = 2147483647;
			files = (
			);
			runOnlyForDeploymentPostprocessing = 0;
		};
/* End PBXFrameworksBuildPhase section */

/* Begin PBXGroup section */
		31FF61261A71361E00B238F5 = {
			isa = PBXGroup;
			children = (
				31FF61311A71361E00B238F5 /* AmsterdamMuseum */,
				31FF61471A71361E00B238F5 /* AmsterdamMuseumTests */,
				31FF61301A71361E00B238F5 /* Products */,
			);
			sourceTree = "<group>";
		};
		31FF61301A71361E00B238F5 /* Products */ = {
			isa = PBXGroup;
			children = (
				31FF612F1A71361E00B238F5 /* AmsterdamMuseum.app */,
				31FF61441A71361E00B238F5 /* AmsterdamMuseumTests.xctest */,
			);
			name = Products;
			sourceTree = "<group>";
		};
		31FF61311A71361E00B238F5 /* AmsterdamMuseum */ = {
			isa = PBXGroup;
			children = (
				31FF61341A71361E00B238F5 /* AppDelegate.swift */,
				3104AC471A7FB17D00D9B3C2 /* Avatar.swift */,
				31F227BD1A8A130E0076A509 /* Card.swift */,
				31F93B901A7A52A5001E0B7C /* CardHeaderView.swift */,
				3134A0D01A767AA4002F548D /* CardView.swift */,
				31AEB1EB1A7B966800162DB0 /* EventView.swift */,
				3104AC431A7F79C900D9B3C2 /* LikeView.swift */,
				31F46A9F1A91F63E009C545A /* LoginView.swift */,
				31FF61361A71361E00B238F5 /* LoginViewController.swift */,
				31F227BB1A8A12880076A509 /* NewsFeed.swift */,
				3134A0CE1A767A6B002F548D /* NewsViewController.swift */,
				31F227BF1A8A133E0076A509 /* Person.swift */,
				31AEB1F11A7B99AE00162DB0 /* PersonView.swift */,
				3141F3881A7BC07700CBB90B /* ProfileView.swift */,
				31F46AA31A920DC7009C545A /* SettingsViewController.swift */,
				31F93B821A790074001E0B7C /* ShieldView.swift */,
				31F46AA11A91F89F009C545A /* SplashView.swift */,
				31F227C11A8A24940076A509 /* Trigger.swift */,
				31F93B881A791659001E0B7C /* UserView.swift */,
				3104AC451A7F971500D9B3C2 /* OpenSans-Light.ttf */,
				31FF613B1A71361E00B238F5 /* Images.xcassets */,
				31F93B8E1A7A5292001E0B7C /* CardHeaderView.xib */,
				31F93B8C1A791DD4001E0B7C /* EventView.xib */,
				3104AC411A7F787600D9B3C2 /* LikeView.xib */,
				31F46A9B1A91F06A009C545A /* LoginView.xib */,
				31AEB1EF1A7B984800162DB0 /* PersonView.xib */,
				3141F3861A7BBDF500CBB90B /* ProfileView.xib */,
				31F93B801A78FF30001E0B7C /* ShieldView.xib */,
				31F46A9D1A91F250009C545A /* SplashView.xib */,
				31F93B8A1A79167E001E0B7C /* UserView.xib */,
				31FF613D1A71361E00B238F5 /* LaunchScreen.xib */,
				31FF61381A71361E00B238F5 /* Main.storyboard */,
				31FF61321A71361E00B238F5 /* Supporting Files */,
			);
			path = AmsterdamMuseum;
			sourceTree = "<group>";
		};
		31FF61321A71361E00B238F5 /* Supporting Files */ = {
			isa = PBXGroup;
			children = (
				31FF61331A71361E00B238F5 /* Info.plist */,
			);
			name = "Supporting Files";
			sourceTree = "<group>";
		};
		31FF61471A71361E00B238F5 /* AmsterdamMuseumTests */ = {
			isa = PBXGroup;
			children = (
				31FF614A1A71361E00B238F5 /* AmsterdamMuseumTests.swift */,
				31FF61481A71361E00B238F5 /* Supporting Files */,
			);
			path = AmsterdamMuseumTests;
			sourceTree = "<group>";
		};
		31FF61481A71361E00B238F5 /* Supporting Files */ = {
			isa = PBXGroup;
			children = (
				31FF61491A71361E00B238F5 /* Info.plist */,
			);
			name = "Supporting Files";
			sourceTree = "<group>";
		};
/* End PBXGroup section */

/* Begin PBXNativeTarget section */
		31FF612E1A71361E00B238F5 /* AmsterdamMuseum */ = {
			isa = PBXNativeTarget;
			buildConfigurationList = 31FF614E1A71361E00B238F5 /* Build configuration list for PBXNativeTarget "AmsterdamMuseum" */;
			buildPhases = (
				31FF612B1A71361E00B238F5 /* Sources */,
				31FF612C1A71361E00B238F5 /* Frameworks */,
				31FF612D1A71361E00B238F5 /* Resources */,
			);
			buildRules = (
			);
			dependencies = (
			);
			name = AmsterdamMuseum;
			productName = AmsterdamMuseum;
			productReference = 31FF612F1A71361E00B238F5 /* AmsterdamMuseum.app */;
			productType = "com.apple.product-type.application";
		};
		31FF61431A71361E00B238F5 /* AmsterdamMuseumTests */ = {
			isa = PBXNativeTarget;
			buildConfigurationList = 31FF61511A71361E00B238F5 /* Build configuration list for PBXNativeTarget "AmsterdamMuseumTests" */;
			buildPhases = (
				31FF61401A71361E00B238F5 /* Sources */,
				31FF61411A71361E00B238F5 /* Frameworks */,
				31FF61421A71361E00B238F5 /* Resources */,
			);
			buildRules = (
			);
			dependencies = (
				31FF61461A71361E00B238F5 /* PBXTargetDependency */,
			);
			name = AmsterdamMuseumTests;
			productName = AmsterdamMuseumTests;
			productReference = 31FF61441A71361E00B238F5 /* AmsterdamMuseumTests.xctest */;
			productType = "com.apple.product-type.bundle.unit-test";
		};
/* End PBXNativeTarget section */

/* Begin PBXProject section */
		31FF61271A71361E00B238F5 /* Project object */ = {
			isa = PBXProject;
			attributes = {
				LastUpgradeCheck = 0610;
				ORGANIZATIONNAME = "James Bryan Graves";
				TargetAttributes = {
					31FF612E1A71361E00B238F5 = {
						CreatedOnToolsVersion = 6.1.1;
					};
					31FF61431A71361E00B238F5 = {
						CreatedOnToolsVersion = 6.1.1;
						TestTargetID = 31FF612E1A71361E00B238F5;
					};
				};
			};
			buildConfigurationList = 31FF612A1A71361E00B238F5 /* Build configuration list for PBXProject "AmsterdamMuseum" */;
			compatibilityVersion = "Xcode 3.2";
			developmentRegion = English;
			hasScannedForEncodings = 0;
			knownRegions = (
				en,
				Base,
			);
			mainGroup = 31FF61261A71361E00B238F5;
			productRefGroup = 31FF61301A71361E00B238F5 /* Products */;
			projectDirPath = "";
			projectRoot = "";
			targets = (
				31FF612E1A71361E00B238F5 /* AmsterdamMuseum */,
				31FF61431A71361E00B238F5 /* AmsterdamMuseumTests */,
			);
		};
/* End PBXProject section */

/* Begin PBXResourcesBuildPhase section */
		31FF612D1A71361E00B238F5 /* Resources */ = {
			isa = PBXResourcesBuildPhase;
			buildActionMask = 2147483647;
			files = (
				3104AC421A7F787600D9B3C2 /* LikeView.xib in Resources */,
				31F93B8D1A791DD4001E0B7C /* EventView.xib in Resources */,
				31F46A9C1A91F06A009C545A /* LoginView.xib in Resources */,
				31F46A9E1A91F250009C545A /* SplashView.xib in Resources */,
				31AEB1F01A7B984800162DB0 /* PersonView.xib in Resources */,
				31F93B8F1A7A5292001E0B7C /* CardHeaderView.xib in Resources */,
				31FF613A1A71361E00B238F5 /* Main.storyboard in Resources */,
				31FF613F1A71361E00B238F5 /* LaunchScreen.xib in Resources */,
				3104AC461A7F971500D9B3C2 /* OpenSans-Light.ttf in Resources */,
				31F93B811A78FF30001E0B7C /* ShieldView.xib in Resources */,
				3141F3871A7BBDF500CBB90B /* ProfileView.xib in Resources */,
				31F93B8B1A79167E001E0B7C /* UserView.xib in Resources */,
				31FF613C1A71361E00B238F5 /* Images.xcassets in Resources */,
			);
			runOnlyForDeploymentPostprocessing = 0;
		};
		31FF61421A71361E00B238F5 /* Resources */ = {
			isa = PBXResourcesBuildPhase;
			buildActionMask = 2147483647;
			files = (
			);
			runOnlyForDeploymentPostprocessing = 0;
		};
/* End PBXResourcesBuildPhase section */

/* Begin PBXSourcesBuildPhase section */
		31FF612B1A71361E00B238F5 /* Sources */ = {
			isa = PBXSourcesBuildPhase;
			buildActionMask = 2147483647;
			files = (
				31F227C01A8A133E0076A509 /* Person.swift in Sources */,
				31F227BC1A8A12880076A509 /* NewsFeed.swift in Sources */,
				31AEB1F21A7B99AE00162DB0 /* PersonView.swift in Sources */,
				31F93B911A7A52A5001E0B7C /* CardHeaderView.swift in Sources */,
				3141F3891A7BC07700CBB90B /* ProfileView.swift in Sources */,
				31F46AA41A920DC7009C545A /* SettingsViewController.swift in Sources */,
				31FF61371A71361E00B238F5 /* LoginViewController.swift in Sources */,
				31F93B891A791659001E0B7C /* UserView.swift in Sources */,
				31FF61351A71361E00B238F5 /* AppDelegate.swift in Sources */,
				3104AC481A7FB17D00D9B3C2 /* Avatar.swift in Sources */,
				3134A0D11A767AA4002F548D /* CardView.swift in Sources */,
				31F46AA01A91F63E009C545A /* LoginView.swift in Sources */,
				31F227BE1A8A130E0076A509 /* Card.swift in Sources */,
				31F93B831A790074001E0B7C /* ShieldView.swift in Sources */,
				31F227C21A8A24940076A509 /* Trigger.swift in Sources */,
				3134A0CF1A767A6B002F548D /* NewsViewController.swift in Sources */,
				3104AC441A7F79C900D9B3C2 /* LikeView.swift in Sources */,
				31AEB1EC1A7B966800162DB0 /* EventView.swift in Sources */,
				31F46AA21A91F89F009C545A /* SplashView.swift in Sources */,
			);
			runOnlyForDeploymentPostprocessing = 0;
		};
		31FF61401A71361E00B238F5 /* Sources */ = {
			isa = PBXSourcesBuildPhase;
			buildActionMask = 2147483647;
			files = (
				31FF614B1A71361E00B238F5 /* AmsterdamMuseumTests.swift in Sources */,
			);
			runOnlyForDeploymentPostprocessing = 0;
		};
/* End PBXSourcesBuildPhase section */

/* Begin PBXTargetDependency section */
		31FF61461A71361E00B238F5 /* PBXTargetDependency */ = {
			isa = PBXTargetDependency;
			target = 31FF612E1A71361E00B238F5 /* AmsterdamMuseum */;
			targetProxy = 31FF61451A71361E00B238F5 /* PBXContainerItemProxy */;
		};
/* End PBXTargetDependency section */

/* Begin PBXVariantGroup section */
		31FF61381A71361E00B238F5 /* Main.storyboard */ = {
			isa = PBXVariantGroup;
			children = (
				31FF61391A71361E00B238F5 /* Base */,
			);
			name = Main.storyboard;
			sourceTree = "<group>";
		};
		31FF613D1A71361E00B238F5 /* LaunchScreen.xib */ = {
			isa = PBXVariantGroup;
			children = (
				31FF613E1A71361E00B238F5 /* Base */,
			);
			name = LaunchScreen.xib;
			sourceTree = "<group>";
		};
/* End PBXVariantGroup section */

/* Begin XCBuildConfiguration section */
		31FF614C1A71361E00B238F5 /* Debug */ = {
			isa = XCBuildConfiguration;
			buildSettings = {
				ALWAYS_SEARCH_USER_PATHS = NO;
				CLANG_CXX_LANGUAGE_STANDARD = "gnu++0x";
				CLANG_CXX_LIBRARY = "libc++";
				CLANG_ENABLE_MODULES = YES;
				CLANG_ENABLE_OBJC_ARC = YES;
				CLANG_WARN_BOOL_CONVERSION = YES;
				CLANG_WARN_CONSTANT_CONVERSION = YES;
				CLANG_WARN_DIRECT_OBJC_ISA_USAGE = YES_ERROR;
				CLANG_WARN_EMPTY_BODY = YES;
				CLANG_WARN_ENUM_CONVERSION = YES;
				CLANG_WARN_INT_CONVERSION = YES;
				CLANG_WARN_OBJC_ROOT_CLASS = YES_ERROR;
				CLANG_WARN_UNREACHABLE_CODE = YES;
				CLANG_WARN__DUPLICATE_METHOD_MATCH = YES;
				"CODE_SIGN_IDENTITY[sdk=iphoneos*]" = "iPhone Developer";
				COPY_PHASE_STRIP = NO;
				ENABLE_STRICT_OBJC_MSGSEND = YES;
				GCC_C_LANGUAGE_STANDARD = gnu99;
				GCC_DYNAMIC_NO_PIC = NO;
				GCC_OPTIMIZATION_LEVEL = 0;
				GCC_PREPROCESSOR_DEFINITIONS = (
					"DEBUG=1",
					"$(inherited)",
				);
				GCC_SYMBOLS_PRIVATE_EXTERN = NO;
				GCC_WARN_64_TO_32_BIT_CONVERSION = YES;
				GCC_WARN_ABOUT_RETURN_TYPE = YES_ERROR;
				GCC_WARN_UNDECLARED_SELECTOR = YES;
				GCC_WARN_UNINITIALIZED_AUTOS = YES_AGGRESSIVE;
				GCC_WARN_UNUSED_FUNCTION = YES;
				GCC_WARN_UNUSED_VARIABLE = YES;
				IPHONEOS_DEPLOYMENT_TARGET = 8.1;
				MTL_ENABLE_DEBUG_INFO = YES;
				ONLY_ACTIVE_ARCH = YES;
				SDKROOT = iphoneos;
				SWIFT_OPTIMIZATION_LEVEL = "-Onone";
				TARGETED_DEVICE_FAMILY = "1,2";
			};
			name = Debug;
		};
		31FF614D1A71361E00B238F5 /* Release */ = {
			isa = XCBuildConfiguration;
			buildSettings = {
				ALWAYS_SEARCH_USER_PATHS = NO;
				CLANG_CXX_LANGUAGE_STANDARD = "gnu++0x";
				CLANG_CXX_LIBRARY = "libc++";
				CLANG_ENABLE_MODULES = YES;
				CLANG_ENABLE_OBJC_ARC = YES;
				CLANG_WARN_BOOL_CONVERSION = YES;
				CLANG_WARN_CONSTANT_CONVERSION = YES;
				CLANG_WARN_DIRECT_OBJC_ISA_USAGE = YES_ERROR;
				CLANG_WARN_EMPTY_BODY = YES;
				CLANG_WARN_ENUM_CONVERSION = YES;
				CLANG_WARN_INT_CONVERSION = YES;
				CLANG_WARN_OBJC_ROOT_CLASS = YES_ERROR;
				CLANG_WARN_UNREACHABLE_CODE = YES;
				CLANG_WARN__DUPLICATE_METHOD_MATCH = YES;
				"CODE_SIGN_IDENTITY[sdk=iphoneos*]" = "iPhone Developer";
				COPY_PHASE_STRIP = YES;
				ENABLE_NS_ASSERTIONS = NO;
				ENABLE_STRICT_OBJC_MSGSEND = YES;
				GCC_C_LANGUAGE_STANDARD = gnu99;
				GCC_WARN_64_TO_32_BIT_CONVERSION = YES;
				GCC_WARN_ABOUT_RETURN_TYPE = YES_ERROR;
				GCC_WARN_UNDECLARED_SELECTOR = YES;
				GCC_WARN_UNINITIALIZED_AUTOS = YES_AGGRESSIVE;
				GCC_WARN_UNUSED_FUNCTION = YES;
				GCC_WARN_UNUSED_VARIABLE = YES;
				IPHONEOS_DEPLOYMENT_TARGET = 8.1;
				MTL_ENABLE_DEBUG_INFO = NO;
				SDKROOT = iphoneos;
				TARGETED_DEVICE_FAMILY = "1,2";
				VALIDATE_PRODUCT = YES;
			};
			name = Release;
		};
		31FF614F1A71361E00B238F5 /* Debug */ = {
			isa = XCBuildConfiguration;
			buildSettings = {
				ASSETCATALOG_COMPILER_APPICON_NAME = AppIcon;
				INFOPLIST_FILE = AmsterdamMuseum/Info.plist;
				LD_RUNPATH_SEARCH_PATHS = "$(inherited) @executable_path/Frameworks";
				PRODUCT_NAME = "$(TARGET_NAME)";
			};
			name = Debug;
		};
		31FF61501A71361E00B238F5 /* Release */ = {
			isa = XCBuildConfiguration;
			buildSettings = {
				ASSETCATALOG_COMPILER_APPICON_NAME = AppIcon;
				INFOPLIST_FILE = AmsterdamMuseum/Info.plist;
				LD_RUNPATH_SEARCH_PATHS = "$(inherited) @executable_path/Frameworks";
				PRODUCT_NAME = "$(TARGET_NAME)";
			};
			name = Release;
		};
		31FF61521A71361E00B238F5 /* Debug */ = {
			isa = XCBuildConfiguration;
			buildSettings = {
				BUNDLE_LOADER = "$(TEST_HOST)";
				FRAMEWORK_SEARCH_PATHS = (
					"$(SDKROOT)/Developer/Library/Frameworks",
					"$(inherited)",
				);
				GCC_PREPROCESSOR_DEFINITIONS = (
					"DEBUG=1",
					"$(inherited)",
				);
				INFOPLIST_FILE = AmsterdamMuseumTests/Info.plist;
				LD_RUNPATH_SEARCH_PATHS = "$(inherited) @executable_path/Frameworks @loader_path/Frameworks";
				PRODUCT_NAME = "$(TARGET_NAME)";
				TEST_HOST = "$(BUILT_PRODUCTS_DIR)/AmsterdamMuseum.app/AmsterdamMuseum";
			};
			name = Debug;
		};
		31FF61531A71361E00B238F5 /* Release */ = {
			isa = XCBuildConfiguration;
			buildSettings = {
				BUNDLE_LOADER = "$(TEST_HOST)";
				FRAMEWORK_SEARCH_PATHS = (
					"$(SDKROOT)/Developer/Library/Frameworks",
					"$(inherited)",
				);
				INFOPLIST_FILE = AmsterdamMuseumTests/Info.plist;
				LD_RUNPATH_SEARCH_PATHS = "$(inherited) @executable_path/Frameworks @loader_path/Frameworks";
				PRODUCT_NAME = "$(TARGET_NAME)";
				TEST_HOST = "$(BUILT_PRODUCTS_DIR)/AmsterdamMuseum.app/AmsterdamMuseum";
			};
			name = Release;
		};
/* End XCBuildConfiguration section */

/* Begin XCConfigurationList section */
		31FF612A1A71361E00B238F5 /* Build configuration list for PBXProject "AmsterdamMuseum" */ = {
			isa = XCConfigurationList;
			buildConfigurations = (
				31FF614C1A71361E00B238F5 /* Debug */,
				31FF614D1A71361E00B238F5 /* Release */,
			);
			defaultConfigurationIsVisible = 0;
			defaultConfigurationName = Release;
		};
		31FF614E1A71361E00B238F5 /* Build configuration list for PBXNativeTarget "AmsterdamMuseum" */ = {
			isa = XCConfigurationList;
			buildConfigurations = (
				31FF614F1A71361E00B238F5 /* Debug */,
				31FF61501A71361E00B238F5 /* Release */,
			);
			defaultConfigurationIsVisible = 0;
			defaultConfigurationName = Release;
		};
		31FF61511A71361E00B238F5 /* Build configuration list for PBXNativeTarget "AmsterdamMuseumTests" */ = {
			isa = XCConfigurationList;
			buildConfigurations = (
				31FF61521A71361E00B238F5 /* Debug */,
				31FF61531A71361E00B238F5 /* Release */,
			);
			defaultConfigurationIsVisible = 0;
			defaultConfigurationName = Release;
		};
/* End XCConfigurationList section */
	};
	rootObject = 31FF61271A71361E00B238F5 /* Project object */;
}
